// !$*UTF8*$!
{
	archiveVersion = 1;
	classes = {
	};
	objectVersion = 55;
	objects = {

/* Begin PBXBuildFile section */
		A9B15DE72872A9A600EE092A /* AppDelegate.swift in Sources */ = {isa = PBXBuildFile; fileRef = A9B15DE62872A9A600EE092A /* AppDelegate.swift */; };
		A9B15DE92872A9A600EE092A /* SceneDelegate.swift in Sources */ = {isa = PBXBuildFile; fileRef = A9B15DE82872A9A600EE092A /* SceneDelegate.swift */; };
		A9B15DEB2872A9A600EE092A /* MainViewController.swift in Sources */ = {isa = PBXBuildFile; fileRef = A9B15DEA2872A9A600EE092A /* MainViewController.swift */; };
		A9B15DF02872A9A700EE092A /* Assets.xcassets in Resources */ = {isa = PBXBuildFile; fileRef = A9B15DEF2872A9A700EE092A /* Assets.xcassets */; };
		A9B15DF32872A9A700EE092A /* LaunchScreen.storyboard in Resources */ = {isa = PBXBuildFile; fileRef = A9B15DF12872A9A700EE092A /* LaunchScreen.storyboard */; };
		A9B15DFD2872B64E00EE092A /* Extensions.swift in Sources */ = {isa = PBXBuildFile; fileRef = A9B15DFC2872B64E00EE092A /* Extensions.swift */; };
		A9B15DFF2872B8A800EE092A /* ChatViewController.swift in Sources */ = {isa = PBXBuildFile; fileRef = A9B15DFE2872B8A800EE092A /* ChatViewController.swift */; };
		A9B15E022872B94900EE092A /* MessageKit in Frameworks */ = {isa = PBXBuildFile; productRef = A9B15E012872B94900EE092A /* MessageKit */; };
		A9B15E052872D18200EE092A /* CollectionViewUITableViewCell.swift in Sources */ = {isa = PBXBuildFile; fileRef = A9B15E042872D18200EE092A /* CollectionViewUITableViewCell.swift */; };
		A9B15E082872F95600EE092A /* SDWebImageMapKit in Frameworks */ = {isa = PBXBuildFile; productRef = A9B15E072872F95600EE092A /* SDWebImageMapKit */; };
/* End PBXBuildFile section */

/* Begin PBXFileReference section */
		A9B15DE32872A9A600EE092A /* ChatApp.app */ = {isa = PBXFileReference; explicitFileType = wrapper.application; includeInIndex = 0; path = ChatApp.app; sourceTree = BUILT_PRODUCTS_DIR; };
		A9B15DE62872A9A600EE092A /* AppDelegate.swift */ = {isa = PBXFileReference; lastKnownFileType = sourcecode.swift; path = AppDelegate.swift; sourceTree = "<group>"; };
		A9B15DE82872A9A600EE092A /* SceneDelegate.swift */ = {isa = PBXFileReference; lastKnownFileType = sourcecode.swift; path = SceneDelegate.swift; sourceTree = "<group>"; };
		A9B15DEA2872A9A600EE092A /* MainViewController.swift */ = {isa = PBXFileReference; lastKnownFileType = sourcecode.swift; path = MainViewController.swift; sourceTree = "<group>"; };
		A9B15DEF2872A9A700EE092A /* Assets.xcassets */ = {isa = PBXFileReference; lastKnownFileType = folder.assetcatalog; path = Assets.xcassets; sourceTree = "<group>"; };
		A9B15DF22872A9A700EE092A /* Base */ = {isa = PBXFileReference; lastKnownFileType = file.storyboard; name = Base; path = Base.lproj/LaunchScreen.storyboard; sourceTree = "<group>"; };
		A9B15DF42872A9A700EE092A /* Info.plist */ = {isa = PBXFileReference; lastKnownFileType = text.plist.xml; path = Info.plist; sourceTree = "<group>"; };
		A9B15DFC2872B64E00EE092A /* Extensions.swift */ = {isa = PBXFileReference; lastKnownFileType = sourcecode.swift; path = Extensions.swift; sourceTree = "<group>"; };
		A9B15DFE2872B8A800EE092A /* ChatViewController.swift */ = {isa = PBXFileReference; lastKnownFileType = sourcecode.swift; path = ChatViewController.swift; sourceTree = "<group>"; };
		A9B15E042872D18200EE092A /* CollectionViewUITableViewCell.swift */ = {isa = PBXFileReference; lastKnownFileType = sourcecode.swift; path = CollectionViewUITableViewCell.swift; sourceTree = "<group>"; };
/* End PBXFileReference section */

/* Begin PBXFrameworksBuildPhase section */
		A9B15DE02872A9A600EE092A /* Frameworks */ = {
			isa = PBXFrameworksBuildPhase;
			buildActionMask = 2147483647;
			files = (
				A9B15E082872F95600EE092A /* SDWebImageMapKit in Frameworks */,
				A9B15E022872B94900EE092A /* MessageKit in Frameworks */,
			);
			runOnlyForDeploymentPostprocessing = 0;
		};
/* End PBXFrameworksBuildPhase section */

/* Begin PBXGroup section */
		A9B15DDA2872A9A600EE092A = {
			isa = PBXGroup;
			children = (
				A9B15DE52872A9A600EE092A /* ChatApp */,
				A9B15DE42872A9A600EE092A /* Products */,
			);
			sourceTree = "<group>";
		};
		A9B15DE42872A9A600EE092A /* Products */ = {
			isa = PBXGroup;
			children = (
				A9B15DE32872A9A600EE092A /* ChatApp.app */,
			);
			name = Products;
			sourceTree = "<group>";
		};
		A9B15DE52872A9A600EE092A /* ChatApp */ = {
			isa = PBXGroup;
			children = (
				A9B15E032872CEF700EE092A /* Views */,
				A9B15DFB2872B62200EE092A /* Resources */,
				A9B15DFA2872B60800EE092A /* Controllers */,
				A9B15DE62872A9A600EE092A /* AppDelegate.swift */,
				A9B15DE82872A9A600EE092A /* SceneDelegate.swift */,
				A9B15DEF2872A9A700EE092A /* Assets.xcassets */,
				A9B15DF12872A9A700EE092A /* LaunchScreen.storyboard */,
				A9B15DF42872A9A700EE092A /* Info.plist */,
			);
			path = ChatApp;
			sourceTree = "<group>";
		};
		A9B15DFA2872B60800EE092A /* Controllers */ = {
			isa = PBXGroup;
			children = (
				A9B15DEA2872A9A600EE092A /* MainViewController.swift */,
				A9B15DFE2872B8A800EE092A /* ChatViewController.swift */,
			);
			path = Controllers;
			sourceTree = "<group>";
		};
		A9B15DFB2872B62200EE092A /* Resources */ = {
			isa = PBXGroup;
			children = (
				A9B15DFC2872B64E00EE092A /* Extensions.swift */,
			);
			path = Resources;
			sourceTree = "<group>";
		};
		A9B15E032872CEF700EE092A /* Views */ = {
			isa = PBXGroup;
			children = (
				A9B15E042872D18200EE092A /* CollectionViewUITableViewCell.swift */,
			);
			path = Views;
			sourceTree = "<group>";
		};
/* End PBXGroup section */

/* Begin PBXNativeTarget section */
		A9B15DE22872A9A600EE092A /* ChatApp */ = {
			isa = PBXNativeTarget;
			buildConfigurationList = A9B15DF72872A9A700EE092A /* Build configuration list for PBXNativeTarget "ChatApp" */;
			buildPhases = (
				A9B15DDF2872A9A600EE092A /* Sources */,
				A9B15DE02872A9A600EE092A /* Frameworks */,
				A9B15DE12872A9A600EE092A /* Resources */,
			);
			buildRules = (
			);
			dependencies = (
			);
			name = ChatApp;
			packageProductDependencies = (
				A9B15E012872B94900EE092A /* MessageKit */,
				A9B15E072872F95600EE092A /* SDWebImageMapKit */,
			);
			productName = ChatApp;
			productReference = A9B15DE32872A9A600EE092A /* ChatApp.app */;
			productType = "com.apple.product-type.application";
		};
/* End PBXNativeTarget section */

/* Begin PBXProject section */
		A9B15DDB2872A9A600EE092A /* Project object */ = {
			isa = PBXProject;
			attributes = {
				BuildIndependentTargetsInParallel = 1;
				LastSwiftUpdateCheck = 1320;
				LastUpgradeCheck = 1320;
				TargetAttributes = {
					A9B15DE22872A9A600EE092A = {
						CreatedOnToolsVersion = 13.2.1;
					};
				};
			};
			buildConfigurationList = A9B15DDE2872A9A600EE092A /* Build configuration list for PBXProject "ChatApp" */;
			compatibilityVersion = "Xcode 13.0";
			developmentRegion = en;
			hasScannedForEncodings = 0;
			knownRegions = (
				en,
				Base,
			);
			mainGroup = A9B15DDA2872A9A600EE092A;
			packageReferences = (
				A9B15E002872B94900EE092A /* XCRemoteSwiftPackageReference "MessageKit" */,
				A9B15E062872F95600EE092A /* XCRemoteSwiftPackageReference "SDWebImage" */,
			);
			productRefGroup = A9B15DE42872A9A600EE092A /* Products */;
			projectDirPath = "";
			projectRoot = "";
			targets = (
				A9B15DE22872A9A600EE092A /* ChatApp */,
			);
		};
/* End PBXProject section */

/* Begin PBXResourcesBuildPhase section */
		A9B15DE12872A9A600EE092A /* Resources */ = {
			isa = PBXResourcesBuildPhase;
			buildActionMask = 2147483647;
			files = (
				A9B15DF32872A9A700EE092A /* LaunchScreen.storyboard in Resources */,
				A9B15DF02872A9A700EE092A /* Assets.xcassets in Resources */,
			);
			runOnlyForDeploymentPostprocessing = 0;
		};
/* End PBXResourcesBuildPhase section */

/* Begin PBXSourcesBuildPhase section */
		A9B15DDF2872A9A600EE092A /* Sources */ = {
			isa = PBXSourcesBuildPhase;
			buildActionMask = 2147483647;
			files = (
				A9B15E052872D18200EE092A /* CollectionViewUITableViewCell.swift in Sources */,
				A9B15DEB2872A9A600EE092A /* MainViewController.swift in Sources */,
				A9B15DE72872A9A600EE092A /* AppDelegate.swift in Sources */,
				A9B15DE92872A9A600EE092A /* SceneDelegate.swift in Sources */,
				A9B15DFF2872B8A800EE092A /* ChatViewController.swift in Sources */,
				A9B15DFD2872B64E00EE092A /* Extensions.swift in Sources */,
			);
			runOnlyForDeploymentPostprocessing = 0;
		};
/* End PBXSourcesBuildPhase section */

/* Begin PBXVariantGroup section */
		A9B15DF12872A9A700EE092A /* LaunchScreen.storyboard */ = {
			isa = PBXVariantGroup;
			children = (
				A9B15DF22872A9A700EE092A /* Base */,
			);
			name = LaunchScreen.storyboard;
			sourceTree = "<group>";
		};
/* End PBXVariantGroup section */

/* Begin XCBuildConfiguration section */
		A9B15DF52872A9A700EE092A /* Debug */ = {
			isa = XCBuildConfiguration;
			buildSettings = {
				ALWAYS_SEARCH_USER_PATHS = NO;
				CLANG_ANALYZER_NONNULL = YES;
				CLANG_ANALYZER_NUMBER_OBJECT_CONVERSION = YES_AGGRESSIVE;
				CLANG_CXX_LANGUAGE_STANDARD = "gnu++17";
				CLANG_CXX_LIBRARY = "libc++";
				CLANG_ENABLE_MODULES = YES;
				CLANG_ENABLE_OBJC_ARC = YES;
				CLANG_ENABLE_OBJC_WEAK = YES;
				CLANG_WARN_BLOCK_CAPTURE_AUTORELEASING = YES;
				CLANG_WARN_BOOL_CONVERSION = YES;
				CLANG_WARN_COMMA = YES;
				CLANG_WARN_CONSTANT_CONVERSION = YES;
				CLANG_WARN_DEPRECATED_OBJC_IMPLEMENTATIONS = YES;
				CLANG_WARN_DIRECT_OBJC_ISA_USAGE = YES_ERROR;
				CLANG_WARN_DOCUMENTATION_COMMENTS = YES;
				CLANG_WARN_EMPTY_BODY = YES;
				CLANG_WARN_ENUM_CONVERSION = YES;
				CLANG_WARN_INFINITE_RECURSION = YES;
				CLANG_WARN_INT_CONVERSION = YES;
				CLANG_WARN_NON_LITERAL_NULL_CONVERSION = YES;
				CLANG_WARN_OBJC_IMPLICIT_RETAIN_SELF = YES;
				CLANG_WARN_OBJC_LITERAL_CONVERSION = YES;
				CLANG_WARN_OBJC_ROOT_CLASS = YES_ERROR;
				CLANG_WARN_QUOTED_INCLUDE_IN_FRAMEWORK_HEADER = YES;
				CLANG_WARN_RANGE_LOOP_ANALYSIS = YES;
				CLANG_WARN_STRICT_PROTOTYPES = YES;
				CLANG_WARN_SUSPICIOUS_MOVE = YES;
				CLANG_WARN_UNGUARDED_AVAILABILITY = YES_AGGRESSIVE;
				CLANG_WARN_UNREACHABLE_CODE = YES;
				CLANG_WARN__DUPLICATE_METHOD_MATCH = YES;
				COPY_PHASE_STRIP = NO;
				DEBUG_INFORMATION_FORMAT = dwarf;
				ENABLE_STRICT_OBJC_MSGSEND = YES;
				ENABLE_TESTABILITY = YES;
				GCC_C_LANGUAGE_STANDARD = gnu11;
				GCC_DYNAMIC_NO_PIC = NO;
				GCC_NO_COMMON_BLOCKS = YES;
				GCC_OPTIMIZATION_LEVEL = 0;
				GCC_PREPROCESSOR_DEFINITIONS = (
					"DEBUG=1",
					"$(inherited)",
				);
				GCC_WARN_64_TO_32_BIT_CONVERSION = YES;
				GCC_WARN_ABOUT_RETURN_TYPE = YES_ERROR;
				GCC_WARN_UNDECLARED_SELECTOR = YES;
				GCC_WARN_UNINITIALIZED_AUTOS = YES_AGGRESSIVE;
				GCC_WARN_UNUSED_FUNCTION = YES;
				GCC_WARN_UNUSED_VARIABLE = YES;
				IPHONEOS_DEPLOYMENT_TARGET = 15.2;
				MTL_ENABLE_DEBUG_INFO = INCLUDE_SOURCE;
				MTL_FAST_MATH = YES;
				ONLY_ACTIVE_ARCH = YES;
				SDKROOT = iphoneos;
				SWIFT_ACTIVE_COMPILATION_CONDITIONS = DEBUG;
				SWIFT_OPTIMIZATION_LEVEL = "-Onone";
			};
			name = Debug;
		};
		A9B15DF62872A9A700EE092A /* Release */ = {
			isa = XCBuildConfiguration;
			buildSettings = {
				ALWAYS_SEARCH_USER_PATHS = NO;
				CLANG_ANALYZER_NONNULL = YES;
				CLANG_ANALYZER_NUMBER_OBJECT_CONVERSION = YES_AGGRESSIVE;
				CLANG_CXX_LANGUAGE_STANDARD = "gnu++17";
				CLANG_CXX_LIBRARY = "libc++";
				CLANG_ENABLE_MODULES = YES;
				CLANG_ENABLE_OBJC_ARC = YES;
				CLANG_ENABLE_OBJC_WEAK = YES;
				CLANG_WARN_BLOCK_CAPTURE_AUTORELEASING = YES;
				CLANG_WARN_BOOL_CONVERSION = YES;
				CLANG_WARN_COMMA = YES;
				CLANG_WARN_CONSTANT_CONVERSION = YES;
				CLANG_WARN_DEPRECATED_OBJC_IMPLEMENTATIONS = YES;
				CLANG_WARN_DIRECT_OBJC_ISA_USAGE = YES_ERROR;
				CLANG_WARN_DOCUMENTATION_COMMENTS = YES;
				CLANG_WARN_EMPTY_BODY = YES;
				CLANG_WARN_ENUM_CONVERSION = YES;
				CLANG_WARN_INFINITE_RECURSION = YES;
				CLANG_WARN_INT_CONVERSION = YES;
				CLANG_WARN_NON_LITERAL_NULL_CONVERSION = YES;
				CLANG_WARN_OBJC_IMPLICIT_RETAIN_SELF = YES;
				CLANG_WARN_OBJC_LITERAL_CONVERSION = YES;
				CLANG_WARN_OBJC_ROOT_CLASS = YES_ERROR;
				CLANG_WARN_QUOTED_INCLUDE_IN_FRAMEWORK_HEADER = YES;
				CLANG_WARN_RANGE_LOOP_ANALYSIS = YES;
				CLANG_WARN_STRICT_PROTOTYPES = YES;
				CLANG_WARN_SUSPICIOUS_MOVE = YES;
				CLANG_WARN_UNGUARDED_AVAILABILITY = YES_AGGRESSIVE;
				CLANG_WARN_UNREACHABLE_CODE = YES;
				CLANG_WARN__DUPLICATE_METHOD_MATCH = YES;
				COPY_PHASE_STRIP = NO;
				DEBUG_INFORMATION_FORMAT = "dwarf-with-dsym";
				ENABLE_NS_ASSERTIONS = NO;
				ENABLE_STRICT_OBJC_MSGSEND = YES;
				GCC_C_LANGUAGE_STANDARD = gnu11;
				GCC_NO_COMMON_BLOCKS = YES;
				GCC_WARN_64_TO_32_BIT_CONVERSION = YES;
				GCC_WARN_ABOUT_RETURN_TYPE = YES_ERROR;
				GCC_WARN_UNDECLARED_SELECTOR = YES;
				GCC_WARN_UNINITIALIZED_AUTOS = YES_AGGRESSIVE;
				GCC_WARN_UNUSED_FUNCTION = YES;
				GCC_WARN_UNUSED_VARIABLE = YES;
				IPHONEOS_DEPLOYMENT_TARGET = 15.2;
				MTL_ENABLE_DEBUG_INFO = NO;
				MTL_FAST_MATH = YES;
				SDKROOT = iphoneos;
				SWIFT_COMPILATION_MODE = wholemodule;
				SWIFT_OPTIMIZATION_LEVEL = "-O";
				VALIDATE_PRODUCT = YES;
			};
			name = Release;
		};
		A9B15DF82872A9A700EE092A /* Debug */ = {
			isa = XCBuildConfiguration;
			buildSettings = {
				ASSETCATALOG_COMPILER_APPICON_NAME = AppIcon;
				ASSETCATALOG_COMPILER_GLOBAL_ACCENT_COLOR_NAME = AccentColor;
				CODE_SIGN_STYLE = Automatic;
				CURRENT_PROJECT_VERSION = 1;
				DEVELOPMENT_TEAM = ZT4QKWU658;
				GENERATE_INFOPLIST_FILE = YES;
				INFOPLIST_FILE = ChatApp/Info.plist;
				INFOPLIST_KEY_UIApplicationSupportsIndirectInputEvents = YES;
				INFOPLIST_KEY_UILaunchStoryboardName = LaunchScreen;
				INFOPLIST_KEY_UISupportedInterfaceOrientations_iPad = "UIInterfaceOrientationPortrait UIInterfaceOrientationPortraitUpsideDown UIInterfaceOrientationLandscapeLeft UIInterfaceOrientationLandscapeRight";
				INFOPLIST_KEY_UISupportedInterfaceOrientations_iPhone = "UIInterfaceOrientationPortrait UIInterfaceOrientationLandscapeLeft UIInterfaceOrientationLandscapeRight";
				LD_RUNPATH_SEARCH_PATHS = (
					"$(inherited)",
					"@executable_path/Frameworks",
				);
				MARKETING_VERSION = 1.0;
				PRODUCT_BUNDLE_IDENTIFIER = imsarfaroz.ChatApp;
				PRODUCT_NAME = "$(TARGET_NAME)";
				SWIFT_EMIT_LOC_STRINGS = YES;
				SWIFT_VERSION = 5.0;
				TARGETED_DEVICE_FAMILY = "1,2";
			};
			name = Debug;
		};
		A9B15DF92872A9A700EE092A /* Release */ = {
			isa = XCBuildConfiguration;
			buildSettings = {
				ASSETCATALOG_COMPILER_APPICON_NAME = AppIcon;
				ASSETCATALOG_COMPILER_GLOBAL_ACCENT_COLOR_NAME = AccentColor;
				CODE_SIGN_STYLE = Automatic;
				CURRENT_PROJECT_VERSION = 1;
				DEVELOPMENT_TEAM = ZT4QKWU658;
				GENERATE_INFOPLIST_FILE = YES;
				INFOPLIST_FILE = ChatApp/Info.plist;
				INFOPLIST_KEY_UIApplicationSupportsIndirectInputEvents = YES;
				INFOPLIST_KEY_UILaunchStoryboardName = LaunchScreen;
				INFOPLIST_KEY_UISupportedInterfaceOrientations_iPad = "UIInterfaceOrientationPortrait UIInterfaceOrientationPortraitUpsideDown UIInterfaceOrientationLandscapeLeft UIInterfaceOrientationLandscapeRight";
				INFOPLIST_KEY_UISupportedInterfaceOrientations_iPhone = "UIInterfaceOrientationPortrait UIInterfaceOrientationLandscapeLeft UIInterfaceOrientationLandscapeRight";
				LD_RUNPATH_SEARCH_PATHS = (
					"$(inherited)",
					"@executable_path/Frameworks",
				);
				MARKETING_VERSION = 1.0;
				PRODUCT_BUNDLE_IDENTIFIER = imsarfaroz.ChatApp;
				PRODUCT_NAME = "$(TARGET_NAME)";
				SWIFT_EMIT_LOC_STRINGS = YES;
				SWIFT_VERSION = 5.0;
				TARGETED_DEVICE_FAMILY = "1,2";
			};
			name = Release;
		};
/* End XCBuildConfiguration section */

/* Begin XCConfigurationList section */
		A9B15DDE2872A9A600EE092A /* Build configuration list for PBXProject "ChatApp" */ = {
			isa = XCConfigurationList;
			buildConfigurations = (
				A9B15DF52872A9A700EE092A /* Debug */,
				A9B15DF62872A9A700EE092A /* Release */,
			);
			defaultConfigurationIsVisible = 0;
			defaultConfigurationName = Release;
		};
		A9B15DF72872A9A700EE092A /* Build configuration list for PBXNativeTarget "ChatApp" */ = {
			isa = XCConfigurationList;
			buildConfigurations = (
				A9B15DF82872A9A700EE092A /* Debug */,
				A9B15DF92872A9A700EE092A /* Release */,
			);
			defaultConfigurationIsVisible = 0;
			defaultConfigurationName = Release;
		};
/* End XCConfigurationList section */

/* Begin XCRemoteSwiftPackageReference section */
		A9B15E002872B94900EE092A /* XCRemoteSwiftPackageReference "MessageKit" */ = {
			isa = XCRemoteSwiftPackageReference;
			repositoryURL = "https://github.com/MessageKit/MessageKit.git";
			requirement = {
				kind = upToNextMajorVersion;
				minimumVersion = 3.0.0;
			};
		};
		A9B15E062872F95600EE092A /* XCRemoteSwiftPackageReference "SDWebImage" */ = {
			isa = XCRemoteSwiftPackageReference;
			repositoryURL = "https://github.com/SDWebImage/SDWebImage.git";
			requirement = {
				branch = master;
				kind = branch;
			};
		};
/* End XCRemoteSwiftPackageReference section */

/* Begin XCSwiftPackageProductDependency section */
		A9B15E012872B94900EE092A /* MessageKit */ = {
			isa = XCSwiftPackageProductDependency;
			package = A9B15E002872B94900EE092A /* XCRemoteSwiftPackageReference "MessageKit" */;
			productName = MessageKit;
		};
		A9B15E072872F95600EE092A /* SDWebImageMapKit */ = {
			isa = XCSwiftPackageProductDependency;
			package = A9B15E062872F95600EE092A /* XCRemoteSwiftPackageReference "SDWebImage" */;
			productName = SDWebImageMapKit;
		};
/* End XCSwiftPackageProductDependency section */
	};
	rootObject = A9B15DDB2872A9A600EE092A /* Project object */;
}
